
Microsoft Visual Studio Solution File, Format Version 12.00
# Visual Studio Version 17
VisualStudioVersion = 17.4.33205.214
MinimumVisualStudioVersion = 10.0.40219.1
Project("{9A19103F-16F7-4668-BE54-9A1E7A4F7556}") = "AgencyService.Core.Domain", "AgencyService.Core.Domain\AgencyService.Core.Domain.csproj", "{91AF9433-2D7F-418B-9A02-B6E55E7CA9CF}"
EndProject
Project("{9A19103F-16F7-4668-BE54-9A1E7A4F7556}") = "AgencyService.Core.Application", "AgencyService.Core.Application\AgencyService.Core.Application.csproj", "{FED9718E-C4BA-4B15-B142-36E6F147D264}"
EndProject
Project("{2150E333-8FDC-42A3-9474-1A3956D46DE8}") = "src", "src", "{55B834A0-B5E0-4394-A05E-DFA756B6CD10}"
EndProject
Project("{2150E333-8FDC-42A3-9474-1A3956D46DE8}") = "tests", "tests", "{162AA7B2-61AC-4E86-BE9C-F32B77561D88}"
EndProject
Project("{9A19103F-16F7-4668-BE54-9A1E7A4F7556}") = "AgencyService.Adapter.SQLServer", "AgencyService.Adapter.SQLServer\AgencyService.Adapter.SQLServer.csproj", "{BA64D68B-4B2E-4782-8D64-C21B8A4CBFBC}"
EndProject
Project("{2150E333-8FDC-42A3-9474-1A3956D46DE8}") = "Core", "Core", "{92D91867-C9BF-49F8-A91F-C061202D109A}"
EndProject
Project("{2150E333-8FDC-42A3-9474-1A3956D46DE8}") = "Adapters", "Adapters", "{78DD95FA-E340-4AEC-A436-EB83EA02A357}"
EndProject
Project("{2150E333-8FDC-42A3-9474-1A3956D46DE8}") = "Adapters", "Adapters", "{283AC0A5-F8D7-444D-94D1-E84B4D8754BA}"
EndProject
Project("{2150E333-8FDC-42A3-9474-1A3956D46DE8}") = "Core", "Core", "{3A22BD32-3D00-40C1-905C-816ED61E4B38}"
EndProject
Project("{9A19103F-16F7-4668-BE54-9A1E7A4F7556}") = "AgencyService.Adapter.API.UnitTests", "AgencyService.Adapter.API.Tests\AgencyService.Adapter.API.UnitTests.csproj", "{CEE09159-9763-41AC-AD03-4814DB3E6C64}"
EndProject
Project("{9A19103F-16F7-4668-BE54-9A1E7A4F7556}") = "AgencyService.Adapter.SQLServer.UnitTests", "AgencyService.Adapter.SQLServer.Tests\AgencyService.Adapter.SQLServer.UnitTests.csproj", "{2DA61D66-211F-4FB9-AC34-2B0267D5777A}"
EndProject
Project("{9A19103F-16F7-4668-BE54-9A1E7A4F7556}") = "AgencyService.Core.Application.UnitTests", "AgencyService.Core.Application.Tests\AgencyService.Core.Application.UnitTests.csproj", "{07AD7C68-8A35-48A8-8DA3-E12D646A6073}"
EndProject
Project("{9A19103F-16F7-4668-BE54-9A1E7A4F7556}") = "AgencyService.Adapter.API", "AgencyService.Adapter.RestAPI\AgencyService.Adapter.API.csproj", "{8195226A-4B23-47A2-A01E-0F010271AD2C}"
EndProject
Project("{9A19103F-16F7-4668-BE54-9A1E7A4F7556}") = "TravelAgency.AgencyService", "TravelAgency\TravelAgency.AgencyService.csproj", "{3387979D-7820-47FD-AEED-D91F6466742B}"
EndProject
Project("{2150E333-8FDC-42A3-9474-1A3956D46DE8}") = "solutionItems", "solutionItems", "{B5C90308-B986-41C4-BEC8-13B5EA9A9252}"
	ProjectSection(SolutionItems) = preProject
		docker-compose.yml = docker-compose.yml
		README.txt = README.txt
	EndProjectSection
EndProject
Project("{FAE04EC0-301F-11D3-BF4B-00C04F79EFBC}") = "AgencyService.Core.Application.IntegrationTests", "AgencyService.Core.Application.IntegrationTests\AgencyService.Core.Application.IntegrationTests.csproj", "{612FDD53-CB43-48DD-9D9E-997266ED3A6D}"
EndProject
Global
	GlobalSection(SolutionConfigurationPlatforms) = preSolution
		Debug|Any CPU = Debug|Any CPU
		Release|Any CPU = Release|Any CPU
	EndGlobalSection
	GlobalSection(ProjectConfigurationPlatforms) = postSolution
		{91AF9433-2D7F-418B-9A02-B6E55E7CA9CF}.Debug|Any CPU.ActiveCfg = Debug|Any CPU
		{91AF9433-2D7F-418B-9A02-B6E55E7CA9CF}.Debug|Any CPU.Build.0 = Debug|Any CPU
		{91AF9433-2D7F-418B-9A02-B6E55E7CA9CF}.Release|Any CPU.ActiveCfg = Release|Any CPU
		{91AF9433-2D7F-418B-9A02-B6E55E7CA9CF}.Release|Any CPU.Build.0 = Release|Any CPU
		{FED9718E-C4BA-4B15-B142-36E6F147D264}.Debug|Any CPU.ActiveCfg = Debug|Any CPU
		{FED9718E-C4BA-4B15-B142-36E6F147D264}.Debug|Any CPU.Build.0 = Debug|Any CPU
		{FED9718E-C4BA-4B15-B142-36E6F147D264}.Release|Any CPU.ActiveCfg = Release|Any CPU
		{FED9718E-C4BA-4B15-B142-36E6F147D264}.Release|Any CPU.Build.0 = Release|Any CPU
		{BA64D68B-4B2E-4782-8D64-C21B8A4CBFBC}.Debug|Any CPU.ActiveCfg = Debug|Any CPU
		{BA64D68B-4B2E-4782-8D64-C21B8A4CBFBC}.Debug|Any CPU.Build.0 = Debug|Any CPU
		{BA64D68B-4B2E-4782-8D64-C21B8A4CBFBC}.Release|Any CPU.ActiveCfg = Release|Any CPU
		{BA64D68B-4B2E-4782-8D64-C21B8A4CBFBC}.Release|Any CPU.Build.0 = Release|Any CPU
		{CEE09159-9763-41AC-AD03-4814DB3E6C64}.Debug|Any CPU.ActiveCfg = Debug|Any CPU
		{CEE09159-9763-41AC-AD03-4814DB3E6C64}.Debug|Any CPU.Build.0 = Debug|Any CPU
		{CEE09159-9763-41AC-AD03-4814DB3E6C64}.Release|Any CPU.ActiveCfg = Release|Any CPU
		{CEE09159-9763-41AC-AD03-4814DB3E6C64}.Release|Any CPU.Build.0 = Release|Any CPU
		{2DA61D66-211F-4FB9-AC34-2B0267D5777A}.Debug|Any CPU.ActiveCfg = Debug|Any CPU
		{2DA61D66-211F-4FB9-AC34-2B0267D5777A}.Debug|Any CPU.Build.0 = Debug|Any CPU
		{2DA61D66-211F-4FB9-AC34-2B0267D5777A}.Release|Any CPU.ActiveCfg = Release|Any CPU
		{2DA61D66-211F-4FB9-AC34-2B0267D5777A}.Release|Any CPU.Build.0 = Release|Any CPU
		{07AD7C68-8A35-48A8-8DA3-E12D646A6073}.Debug|Any CPU.ActiveCfg = Debug|Any CPU
		{07AD7C68-8A35-48A8-8DA3-E12D646A6073}.Debug|Any CPU.Build.0 = Debug|Any CPU
		{07AD7C68-8A35-48A8-8DA3-E12D646A6073}.Release|Any CPU.ActiveCfg = Release|Any CPU
		{07AD7C68-8A35-48A8-8DA3-E12D646A6073}.Release|Any CPU.Build.0 = Release|Any CPU
		{8195226A-4B23-47A2-A01E-0F010271AD2C}.Debug|Any CPU.ActiveCfg = Debug|Any CPU
		{8195226A-4B23-47A2-A01E-0F010271AD2C}.Debug|Any CPU.Build.0 = Debug|Any CPU
		{8195226A-4B23-47A2-A01E-0F010271AD2C}.Release|Any CPU.ActiveCfg = Release|Any CPU
		{8195226A-4B23-47A2-A01E-0F010271AD2C}.Release|Any CPU.Build.0 = Release|Any CPU
		{3387979D-7820-47FD-AEED-D91F6466742B}.Debug|Any CPU.ActiveCfg = Debug|Any CPU
		{3387979D-7820-47FD-AEED-D91F6466742B}.Debug|Any CPU.Build.0 = Debug|Any CPU
		{3387979D-7820-47FD-AEED-D91F6466742B}.Release|Any CPU.ActiveCfg = Release|Any CPU
		{3387979D-7820-47FD-AEED-D91F6466742B}.Release|Any CPU.Build.0 = Release|Any CPU
		{612FDD53-CB43-48DD-9D9E-997266ED3A6D}.Debug|Any CPU.ActiveCfg = Debug|Any CPU
		{612FDD53-CB43-48DD-9D9E-997266ED3A6D}.Debug|Any CPU.Build.0 = Debug|Any CPU
		{612FDD53-CB43-48DD-9D9E-997266ED3A6D}.Release|Any CPU.ActiveCfg = Release|Any CPU
		{612FDD53-CB43-48DD-9D9E-997266ED3A6D}.Release|Any CPU.Build.0 = Release|Any CPU
	EndGlobalSection
	GlobalSection(SolutionProperties) = preSolution
		HideSolutionNode = FALSE
	EndGlobalSection
	GlobalSection(NestedProjects) = preSolution
		{91AF9433-2D7F-418B-9A02-B6E55E7CA9CF} = {92D91867-C9BF-49F8-A91F-C061202D109A}
		{FED9718E-C4BA-4B15-B142-36E6F147D264} = {92D91867-C9BF-49F8-A91F-C061202D109A}
		{BA64D68B-4B2E-4782-8D64-C21B8A4CBFBC} = {78DD95FA-E340-4AEC-A436-EB83EA02A357}
		{92D91867-C9BF-49F8-A91F-C061202D109A} = {55B834A0-B5E0-4394-A05E-DFA756B6CD10}
		{78DD95FA-E340-4AEC-A436-EB83EA02A357} = {55B834A0-B5E0-4394-A05E-DFA756B6CD10}
		{283AC0A5-F8D7-444D-94D1-E84B4D8754BA} = {162AA7B2-61AC-4E86-BE9C-F32B77561D88}
		{3A22BD32-3D00-40C1-905C-816ED61E4B38} = {162AA7B2-61AC-4E86-BE9C-F32B77561D88}
		{CEE09159-9763-41AC-AD03-4814DB3E6C64} = {283AC0A5-F8D7-444D-94D1-E84B4D8754BA}
		{2DA61D66-211F-4FB9-AC34-2B0267D5777A} = {283AC0A5-F8D7-444D-94D1-E84B4D8754BA}
		{07AD7C68-8A35-48A8-8DA3-E12D646A6073} = {3A22BD32-3D00-40C1-905C-816ED61E4B38}
		{8195226A-4B23-47A2-A01E-0F010271AD2C} = {78DD95FA-E340-4AEC-A436-EB83EA02A357}
		{3387979D-7820-47FD-AEED-D91F6466742B} = {55B834A0-B5E0-4394-A05E-DFA756B6CD10}
		{612FDD53-CB43-48DD-9D9E-997266ED3A6D} = {3A22BD32-3D00-40C1-905C-816ED61E4B38}
	EndGlobalSection
	GlobalSection(ExtensibilityGlobals) = postSolution
		SolutionGuid = {2F53E97C-BA5E-48BB-AB60-EB3BA1E0A44E}
	EndGlobalSection
EndGlobal
